{
    "_readme": [
        "This file locks the dependencies of your project to a known state",
        "Read more about it at https://getcomposer.org/doc/01-basic-usage.md#installing-dependencies",
        "This file is @generated automatically"
    ],
    "content-hash": "0e4e772a465554028f54e36390925de7",
    "packages": [
        {
            "name": "coff/php-datasource-interface",
            "version": "v0.1.0",
            "source": {
                "type": "git",
                "url": "https://github.com/coff/php-datasource-interface.git",
                "reference": "c558b27c9ff6752ed4cf37f107403a9305facc0e"
            },
            "dist": {
                "type": "zip",
                "url": "https://api.github.com/repos/coff/php-datasource-interface/zipball/c558b27c9ff6752ed4cf37f107403a9305facc0e",
                "reference": "c558b27c9ff6752ed4cf37f107403a9305facc0e",
                "shasum": ""
            },
            "type": "library",
            "autoload": {
                "psr-4": {
                    "Coff\\DataSource\\": "src/"
                }
            },
            "license": [
                "MIT"
            ],
            "authors": [
                {
                    "name": "Krzysztof Kubanek",
                    "email": "krzysztof.kubanek@gmail.com"
                }
            ],
            "description": "Interface package for DataSource class",
            "support": {
                "source": "https://github.com/coff/php-datasource-interface/tree/v0.1.0",
                "issues": "https://github.com/coff/php-datasource-interface/issues"
            },
            "time": "2022-01-13T21:16:32+00:00"
        },
        {
            "name": "volantus/php-pigpio",
            "version": "0.3.0",
            "source": {
                "type": "git",
                "url": "https://github.com/Volantus/php-pigpio.git",
                "reference": "e9ea4db81a465391c706ac2ad72278bfc55a8dc4"
            },
            "dist": {
                "type": "zip",
                "url": "https://api.github.com/repos/Volantus/php-pigpio/zipball/e9ea4db81a465391c706ac2ad72278bfc55a8dc4",
                "reference": "e9ea4db81a465391c706ac2ad72278bfc55a8dc4",
                "shasum": ""
            },
            "require": {
                "php": "^7.0"
            },
            "require-dev": {
                "doctrine/instantiator": "~1.0.5",
                "phpunit/phpunit": "^6.5",
                "symfony/filesystem": "~3.4.6"
            },
            "type": "library",
            "autoload": {
                "psr-4": {
                    "Volantus\\Pigpio\\": "src",
                    "Volantus\\Pigpio\\Tests\\": "tests"
                }
            },
            "notification-url": "https://packagist.org/downloads/",
            "license": [
                "GPL-3.0-only"
            ],
            "authors": [
                {
                    "name": "Marius Meissner",
                    "email": "marius.meissner@volantus.org"
                }
            ],
            "description": "PHP client for the pigpio daemon library",
            "support": {
                "issues": "https://github.com/Volantus/php-pigpio/issues",
                "source": "https://github.com/Volantus/php-pigpio/tree/master"
            },
            "time": "2018-06-22T13:50:10+00:00"
        }
    ],
    "packages-dev": [],
    "aliases": [],
    "minimum-stability": "stable",
    "stability-flags": [],
    "prefer-stable": false,
    "prefer-lowest": false,
    "platform": [],
    "platform-dev": [],
    "plugin-api-version": "2.2.0"
}
